// !$*UTF8*$!
{
	archiveVersion = 1;
	classes = {
	};
	objectVersion = 56;
	objects = {

/* Begin PBXBuildFile section */
		211290662B7F1716008200B9 /* ContentView.swift in Sources */ = {isa = PBXBuildFile; fileRef = 211290652B7F1716008200B9 /* ContentView.swift */; };
		211290682B7F2DDB008200B9 /* DivisionSettingsView.swift in Sources */ = {isa = PBXBuildFile; fileRef = 211290672B7F2DDB008200B9 /* DivisionSettingsView.swift */; };
		2112906A2B7F4F68008200B9 /* ATEMSettingsView.swift in Sources */ = {isa = PBXBuildFile; fileRef = 211290692B7F4F68008200B9 /* ATEMSettingsView.swift */; };
		2112906C2B803DC8008200B9 /* FieldView.swift in Sources */ = {isa = PBXBuildFile; fileRef = 2112906B2B803DC7008200B9 /* FieldView.swift */; };
		2112906E2B805C69008200B9 /* ScoringSettingsView.swift in Sources */ = {isa = PBXBuildFile; fileRef = 2112906D2B805C69008200B9 /* ScoringSettingsView.swift */; };
		211290702B806460008200B9 /* FieldSettingsView.swift in Sources */ = {isa = PBXBuildFile; fileRef = 2112906F2B806460008200B9 /* FieldSettingsView.swift */; };
		21B3EA2A2B1D86E800C83876 /* App.swift in Sources */ = {isa = PBXBuildFile; fileRef = 21B3EA292B1D86E800C83876 /* App.swift */; };
		21B3EA2C2B1D86E800C83876 /* DivisionView.swift in Sources */ = {isa = PBXBuildFile; fileRef = 21B3EA2B2B1D86E800C83876 /* DivisionView.swift */; };
		21B3EA2E2B1D86E900C83876 /* Assets.xcassets in Resources */ = {isa = PBXBuildFile; fileRef = 21B3EA2D2B1D86E900C83876 /* Assets.xcassets */; };
		21B3EA312B1D86E900C83876 /* Preview Assets.xcassets in Resources */ = {isa = PBXBuildFile; fileRef = 21B3EA302B1D86E900C83876 /* Preview Assets.xcassets */; };
		21B3EA3C2B22B2C800C83876 /* BMDSwitcherAPIDispatch.cpp in Sources */ = {isa = PBXBuildFile; fileRef = 21B3EA3B2B22B2C800C83876 /* BMDSwitcherAPIDispatch.cpp */; };
		21B69C1F2B3A6D1E00CD5F60 /* Sparkle in Frameworks */ = {isa = PBXBuildFile; productRef = 21B69C1E2B3A6D1E00CD5F60 /* Sparkle */; };
		21D8B0F72B2C0B4600332A85 /* Starscream in Frameworks */ = {isa = PBXBuildFile; productRef = 21D8B0F62B2C0B4600332A85 /* Starscream */; };
		21D8B0F92B2C0B8000332A85 /* Scoring.swift in Sources */ = {isa = PBXBuildFile; fileRef = 21D8B0F82B2C0B8000332A85 /* Scoring.swift */; };
		21D8B0FB2B2CC2F300332A85 /* Switcher.swift in Sources */ = {isa = PBXBuildFile; fileRef = 21D8B0FA2B2CC2F300332A85 /* Switcher.swift */; };
		21D8B1022B37C95700332A85 /* Help.swift in Sources */ = {isa = PBXBuildFile; fileRef = 21D8B1012B37C95700332A85 /* Help.swift */; };
		21D8B1042B37D06800332A85 /* MacroSetting.swift in Sources */ = {isa = PBXBuildFile; fileRef = 21D8B1032B37D06800332A85 /* MacroSetting.swift */; };
		21D8B1062B39299100332A85 /* Log.swift in Sources */ = {isa = PBXBuildFile; fileRef = 21D8B1052B39299100332A85 /* Log.swift */; };
/* End PBXBuildFile section */

/* Begin PBXFileReference section */
		211290652B7F1716008200B9 /* ContentView.swift */ = {isa = PBXFileReference; lastKnownFileType = sourcecode.swift; path = ContentView.swift; sourceTree = "<group>"; };
		211290672B7F2DDB008200B9 /* DivisionSettingsView.swift */ = {isa = PBXFileReference; lastKnownFileType = sourcecode.swift; path = DivisionSettingsView.swift; sourceTree = "<group>"; };
		211290692B7F4F68008200B9 /* ATEMSettingsView.swift */ = {isa = PBXFileReference; lastKnownFileType = sourcecode.swift; path = ATEMSettingsView.swift; sourceTree = "<group>"; };
		2112906B2B803DC7008200B9 /* FieldView.swift */ = {isa = PBXFileReference; lastKnownFileType = sourcecode.swift; path = FieldView.swift; sourceTree = "<group>"; };
		2112906D2B805C69008200B9 /* ScoringSettingsView.swift */ = {isa = PBXFileReference; lastKnownFileType = sourcecode.swift; path = ScoringSettingsView.swift; sourceTree = "<group>"; };
		2112906F2B806460008200B9 /* FieldSettingsView.swift */ = {isa = PBXFileReference; lastKnownFileType = sourcecode.swift; path = FieldSettingsView.swift; sourceTree = "<group>"; };
		211AB8882B4CF8A700087615 /* FTC-Switcher-Info.plist */ = {isa = PBXFileReference; lastKnownFileType = text.plist; path = "FTC-Switcher-Info.plist"; sourceTree = "<group>"; };
		21B3EA262B1D86E800C83876 /* FTC Switcher.app */ = {isa = PBXFileReference; explicitFileType = wrapper.application; includeInIndex = 0; path = "FTC Switcher.app"; sourceTree = BUILT_PRODUCTS_DIR; };
		21B3EA292B1D86E800C83876 /* App.swift */ = {isa = PBXFileReference; lastKnownFileType = sourcecode.swift; path = App.swift; sourceTree = "<group>"; };
		21B3EA2B2B1D86E800C83876 /* DivisionView.swift */ = {isa = PBXFileReference; lastKnownFileType = sourcecode.swift; path = DivisionView.swift; sourceTree = "<group>"; };
		21B3EA2D2B1D86E900C83876 /* Assets.xcassets */ = {isa = PBXFileReference; lastKnownFileType = folder.assetcatalog; path = Assets.xcassets; sourceTree = "<group>"; };
		21B3EA302B1D86E900C83876 /* Preview Assets.xcassets */ = {isa = PBXFileReference; lastKnownFileType = folder.assetcatalog; path = "Preview Assets.xcassets"; sourceTree = "<group>"; };
		21B3EA322B1D86E900C83876 /* FTCSwitcher.entitlements */ = {isa = PBXFileReference; lastKnownFileType = text.plist.entitlements; path = FTCSwitcher.entitlements; sourceTree = "<group>"; };
		21B3EA392B22B2B600C83876 /* BMDSwitcherAPI.h */ = {isa = PBXFileReference; explicitFileType = sourcecode.cpp.h; fileEncoding = 4; path = BMDSwitcherAPI.h; sourceTree = "<group>"; };
		21B3EA3B2B22B2C800C83876 /* BMDSwitcherAPIDispatch.cpp */ = {isa = PBXFileReference; fileEncoding = 4; lastKnownFileType = sourcecode.cpp.cpp; path = BMDSwitcherAPIDispatch.cpp; sourceTree = "<group>"; };
		21D8B0F82B2C0B8000332A85 /* Scoring.swift */ = {isa = PBXFileReference; lastKnownFileType = sourcecode.swift; path = Scoring.swift; sourceTree = "<group>"; };
		21D8B0FA2B2CC2F300332A85 /* Switcher.swift */ = {isa = PBXFileReference; lastKnownFileType = sourcecode.swift; path = Switcher.swift; sourceTree = "<group>"; };
		21D8B1012B37C95700332A85 /* Help.swift */ = {isa = PBXFileReference; lastKnownFileType = sourcecode.swift; path = Help.swift; sourceTree = "<group>"; };
		21D8B1032B37D06800332A85 /* MacroSetting.swift */ = {isa = PBXFileReference; lastKnownFileType = sourcecode.swift; path = MacroSetting.swift; sourceTree = "<group>"; };
		21D8B1052B39299100332A85 /* Log.swift */ = {isa = PBXFileReference; lastKnownFileType = sourcecode.swift; path = Log.swift; sourceTree = "<group>"; };
/* End PBXFileReference section */

/* Begin PBXFrameworksBuildPhase section */
		21B3EA232B1D86E800C83876 /* Frameworks */ = {
			isa = PBXFrameworksBuildPhase;
			buildActionMask = 2147483647;
			files = (
				21D8B0F72B2C0B4600332A85 /* Starscream in Frameworks */,
				21B69C1F2B3A6D1E00CD5F60 /* Sparkle in Frameworks */,
			);
			runOnlyForDeploymentPostprocessing = 0;
		};
/* End PBXFrameworksBuildPhase section */

/* Begin PBXGroup section */
		21B3EA1D2B1D86E800C83876 = {
			isa = PBXGroup;
			children = (
				211AB8882B4CF8A700087615 /* FTC-Switcher-Info.plist */,
				21B3EA382B22B25F00C83876 /* BMDSwitcherAPI */,
				21B3EA282B1D86E800C83876 /* FTCSwitcher */,
				21B3EA272B1D86E800C83876 /* Products */,
				21B3EA3D2B22B4A200C83876 /* Frameworks */,
			);
			sourceTree = "<group>";
		};
		21B3EA272B1D86E800C83876 /* Products */ = {
			isa = PBXGroup;
			children = (
				21B3EA262B1D86E800C83876 /* FTC Switcher.app */,
			);
			name = Products;
			sourceTree = "<group>";
		};
		21B3EA282B1D86E800C83876 /* FTCSwitcher */ = {
			isa = PBXGroup;
			children = (
				21D8B1002B37C92E00332A85 /* Interface */,
				21B3EA292B1D86E800C83876 /* App.swift */,
				21B3EA2D2B1D86E900C83876 /* Assets.xcassets */,
				21B3EA322B1D86E900C83876 /* FTCSwitcher.entitlements */,
				21B3EA2F2B1D86E900C83876 /* Preview Content */,
				21D8B0F82B2C0B8000332A85 /* Scoring.swift */,
				21D8B0FA2B2CC2F300332A85 /* Switcher.swift */,
				21D8B1052B39299100332A85 /* Log.swift */,
			);
			path = FTCSwitcher;
			sourceTree = "<group>";
		};
		21B3EA2F2B1D86E900C83876 /* Preview Content */ = {
			isa = PBXGroup;
			children = (
				21B3EA302B1D86E900C83876 /* Preview Assets.xcassets */,
			);
			path = "Preview Content";
			sourceTree = "<group>";
		};
		21B3EA382B22B25F00C83876 /* BMDSwitcherAPI */ = {
			isa = PBXGroup;
			children = (
				21B3EA3B2B22B2C800C83876 /* BMDSwitcherAPIDispatch.cpp */,
				21B3EA392B22B2B600C83876 /* BMDSwitcherAPI.h */,
			);
			path = BMDSwitcherAPI;
			sourceTree = "<group>";
		};
		21B3EA3D2B22B4A200C83876 /* Frameworks */ = {
			isa = PBXGroup;
			children = (
			);
			name = Frameworks;
			sourceTree = "<group>";
		};
		21D8B1002B37C92E00332A85 /* Interface */ = {
			isa = PBXGroup;
			children = (
				21B3EA2B2B1D86E800C83876 /* DivisionView.swift */,
				21D8B1012B37C95700332A85 /* Help.swift */,
				21D8B1032B37D06800332A85 /* MacroSetting.swift */,
				211290652B7F1716008200B9 /* ContentView.swift */,
				211290672B7F2DDB008200B9 /* DivisionSettingsView.swift */,
				211290692B7F4F68008200B9 /* ATEMSettingsView.swift */,
				2112906B2B803DC7008200B9 /* FieldView.swift */,
				2112906D2B805C69008200B9 /* ScoringSettingsView.swift */,
				2112906F2B806460008200B9 /* FieldSettingsView.swift */,
			);
			path = Interface;
			sourceTree = "<group>";
		};
/* End PBXGroup section */

/* Begin PBXNativeTarget section */
		21B3EA252B1D86E800C83876 /* FTC Switcher */ = {
			isa = PBXNativeTarget;
			buildConfigurationList = 21B3EA352B1D86E900C83876 /* Build configuration list for PBXNativeTarget "FTC Switcher" */;
			buildPhases = (
				21B3EA222B1D86E800C83876 /* Sources */,
				21B3EA232B1D86E800C83876 /* Frameworks */,
				21B3EA242B1D86E800C83876 /* Resources */,
			);
			buildRules = (
			);
			dependencies = (
			);
			name = "FTC Switcher";
			packageProductDependencies = (
				21D8B0F62B2C0B4600332A85 /* Starscream */,
				21B69C1E2B3A6D1E00CD5F60 /* Sparkle */,
			);
			productName = FTCSwitcher;
			productReference = 21B3EA262B1D86E800C83876 /* FTC Switcher.app */;
			productType = "com.apple.product-type.application";
		};
/* End PBXNativeTarget section */

/* Begin PBXProject section */
		21B3EA1E2B1D86E800C83876 /* Project object */ = {
			isa = PBXProject;
			attributes = {
				BuildIndependentTargetsInParallel = 1;
				LastSwiftUpdateCheck = 1500;
				LastUpgradeCheck = 1510;
				TargetAttributes = {
					21B3EA252B1D86E800C83876 = {
						CreatedOnToolsVersion = 15.0.1;
						LastSwiftMigration = 1500;
					};
				};
			};
			buildConfigurationList = 21B3EA212B1D86E800C83876 /* Build configuration list for PBXProject "FTC Switcher" */;
			compatibilityVersion = "Xcode 14.0";
			developmentRegion = en;
			hasScannedForEncodings = 0;
			knownRegions = (
				en,
				Base,
			);
			mainGroup = 21B3EA1D2B1D86E800C83876;
			packageReferences = (
				21D8B0F52B2C0B4600332A85 /* XCRemoteSwiftPackageReference "Starscream" */,
				21D8B1072B3A6B2200332A85 /* XCRemoteSwiftPackageReference "Sparkle" */,
			);
			productRefGroup = 21B3EA272B1D86E800C83876 /* Products */;
			projectDirPath = "";
			projectRoot = "";
			targets = (
				21B3EA252B1D86E800C83876 /* FTC Switcher */,
			);
		};
/* End PBXProject section */

/* Begin PBXResourcesBuildPhase section */
		21B3EA242B1D86E800C83876 /* Resources */ = {
			isa = PBXResourcesBuildPhase;
			buildActionMask = 2147483647;
			files = (
				21B3EA312B1D86E900C83876 /* Preview Assets.xcassets in Resources */,
				21B3EA2E2B1D86E900C83876 /* Assets.xcassets in Resources */,
			);
			runOnlyForDeploymentPostprocessing = 0;
		};
/* End PBXResourcesBuildPhase section */

/* Begin PBXSourcesBuildPhase section */
		21B3EA222B1D86E800C83876 /* Sources */ = {
			isa = PBXSourcesBuildPhase;
			buildActionMask = 2147483647;
			files = (
				211290682B7F2DDB008200B9 /* DivisionSettingsView.swift in Sources */,
				2112906C2B803DC8008200B9 /* FieldView.swift in Sources */,
				21D8B0FB2B2CC2F300332A85 /* Switcher.swift in Sources */,
				21B3EA2C2B1D86E800C83876 /* DivisionView.swift in Sources */,
				21D8B1022B37C95700332A85 /* Help.swift in Sources */,
				21D8B1042B37D06800332A85 /* MacroSetting.swift in Sources */,
				21D8B0F92B2C0B8000332A85 /* Scoring.swift in Sources */,
				211290662B7F1716008200B9 /* ContentView.swift in Sources */,
				2112906A2B7F4F68008200B9 /* ATEMSettingsView.swift in Sources */,
				2112906E2B805C69008200B9 /* ScoringSettingsView.swift in Sources */,
				21B3EA2A2B1D86E800C83876 /* App.swift in Sources */,
				21B3EA3C2B22B2C800C83876 /* BMDSwitcherAPIDispatch.cpp in Sources */,
				211290702B806460008200B9 /* FieldSettingsView.swift in Sources */,
				21D8B1062B39299100332A85 /* Log.swift in Sources */,
			);
			runOnlyForDeploymentPostprocessing = 0;
		};
/* End PBXSourcesBuildPhase section */

/* Begin XCBuildConfiguration section */
		21B3EA332B1D86E900C83876 /* Debug */ = {
			isa = XCBuildConfiguration;
			buildSettings = {
				ALWAYS_SEARCH_USER_PATHS = NO;
				ASSETCATALOG_COMPILER_GENERATE_SWIFT_ASSET_SYMBOL_EXTENSIONS = YES;
				CLANG_ANALYZER_NONNULL = YES;
				CLANG_ANALYZER_NUMBER_OBJECT_CONVERSION = YES_AGGRESSIVE;
				CLANG_CXX_LANGUAGE_STANDARD = "gnu++20";
				CLANG_ENABLE_MODULES = YES;
				CLANG_ENABLE_OBJC_ARC = YES;
				CLANG_ENABLE_OBJC_WEAK = YES;
				CLANG_WARN_BLOCK_CAPTURE_AUTORELEASING = YES;
				CLANG_WARN_BOOL_CONVERSION = YES;
				CLANG_WARN_COMMA = YES;
				CLANG_WARN_CONSTANT_CONVERSION = YES;
				CLANG_WARN_DEPRECATED_OBJC_IMPLEMENTATIONS = YES;
				CLANG_WARN_DIRECT_OBJC_ISA_USAGE = YES_ERROR;
				CLANG_WARN_DOCUMENTATION_COMMENTS = YES;
				CLANG_WARN_EMPTY_BODY = YES;
				CLANG_WARN_ENUM_CONVERSION = YES;
				CLANG_WARN_INFINITE_RECURSION = YES;
				CLANG_WARN_INT_CONVERSION = YES;
				CLANG_WARN_NON_LITERAL_NULL_CONVERSION = YES;
				CLANG_WARN_OBJC_IMPLICIT_RETAIN_SELF = YES;
				CLANG_WARN_OBJC_LITERAL_CONVERSION = YES;
				CLANG_WARN_OBJC_ROOT_CLASS = YES_ERROR;
				CLANG_WARN_QUOTED_INCLUDE_IN_FRAMEWORK_HEADER = YES;
				CLANG_WARN_RANGE_LOOP_ANALYSIS = YES;
				CLANG_WARN_STRICT_PROTOTYPES = YES;
				CLANG_WARN_SUSPICIOUS_MOVE = YES;
				CLANG_WARN_UNGUARDED_AVAILABILITY = YES_AGGRESSIVE;
				CLANG_WARN_UNREACHABLE_CODE = YES;
				CLANG_WARN__DUPLICATE_METHOD_MATCH = YES;
				COPY_PHASE_STRIP = NO;
				DEAD_CODE_STRIPPING = YES;
				DEBUG_INFORMATION_FORMAT = dwarf;
				ENABLE_STRICT_OBJC_MSGSEND = YES;
				ENABLE_TESTABILITY = YES;
				ENABLE_USER_SCRIPT_SANDBOXING = NO;
				GCC_C_LANGUAGE_STANDARD = gnu17;
				GCC_DYNAMIC_NO_PIC = NO;
				GCC_NO_COMMON_BLOCKS = YES;
				GCC_OPTIMIZATION_LEVEL = 0;
				GCC_PREPROCESSOR_DEFINITIONS = (
					"DEBUG=1",
					"$(inherited)",
				);
				GCC_WARN_64_TO_32_BIT_CONVERSION = YES;
				GCC_WARN_ABOUT_RETURN_TYPE = YES_ERROR;
				GCC_WARN_UNDECLARED_SELECTOR = YES;
				GCC_WARN_UNINITIALIZED_AUTOS = YES_AGGRESSIVE;
				GCC_WARN_UNUSED_FUNCTION = YES;
				GCC_WARN_UNUSED_VARIABLE = YES;
				LOCALIZATION_PREFERS_STRING_CATALOGS = YES;
				MACOSX_DEPLOYMENT_TARGET = 13.0;
				MTL_ENABLE_DEBUG_INFO = INCLUDE_SOURCE;
				MTL_FAST_MATH = YES;
				ONLY_ACTIVE_ARCH = YES;
				SDKROOT = macosx;
				SWIFT_ACTIVE_COMPILATION_CONDITIONS = "DEBUG $(inherited)";
				SWIFT_OBJC_INTEROP_MODE = objcxx;
				SWIFT_OPTIMIZATION_LEVEL = "-Onone";
				VERSIONING_SYSTEM = "apple-generic";
			};
			name = Debug;
		};
		21B3EA342B1D86E900C83876 /* Release */ = {
			isa = XCBuildConfiguration;
			buildSettings = {
				ALWAYS_SEARCH_USER_PATHS = NO;
				ASSETCATALOG_COMPILER_GENERATE_SWIFT_ASSET_SYMBOL_EXTENSIONS = YES;
				CLANG_ANALYZER_NONNULL = YES;
				CLANG_ANALYZER_NUMBER_OBJECT_CONVERSION = YES_AGGRESSIVE;
				CLANG_CXX_LANGUAGE_STANDARD = "gnu++20";
				CLANG_ENABLE_MODULES = YES;
				CLANG_ENABLE_OBJC_ARC = YES;
				CLANG_ENABLE_OBJC_WEAK = YES;
				CLANG_WARN_BLOCK_CAPTURE_AUTORELEASING = YES;
				CLANG_WARN_BOOL_CONVERSION = YES;
				CLANG_WARN_COMMA = YES;
				CLANG_WARN_CONSTANT_CONVERSION = YES;
				CLANG_WARN_DEPRECATED_OBJC_IMPLEMENTATIONS = YES;
				CLANG_WARN_DIRECT_OBJC_ISA_USAGE = YES_ERROR;
				CLANG_WARN_DOCUMENTATION_COMMENTS = YES;
				CLANG_WARN_EMPTY_BODY = YES;
				CLANG_WARN_ENUM_CONVERSION = YES;
				CLANG_WARN_INFINITE_RECURSION = YES;
				CLANG_WARN_INT_CONVERSION = YES;
				CLANG_WARN_NON_LITERAL_NULL_CONVERSION = YES;
				CLANG_WARN_OBJC_IMPLICIT_RETAIN_SELF = YES;
				CLANG_WARN_OBJC_LITERAL_CONVERSION = YES;
				CLANG_WARN_OBJC_ROOT_CLASS = YES_ERROR;
				CLANG_WARN_QUOTED_INCLUDE_IN_FRAMEWORK_HEADER = YES;
				CLANG_WARN_RANGE_LOOP_ANALYSIS = YES;
				CLANG_WARN_STRICT_PROTOTYPES = YES;
				CLANG_WARN_SUSPICIOUS_MOVE = YES;
				CLANG_WARN_UNGUARDED_AVAILABILITY = YES_AGGRESSIVE;
				CLANG_WARN_UNREACHABLE_CODE = YES;
				CLANG_WARN__DUPLICATE_METHOD_MATCH = YES;
				COPY_PHASE_STRIP = NO;
				DEAD_CODE_STRIPPING = YES;
				DEBUG_INFORMATION_FORMAT = "dwarf-with-dsym";
				ENABLE_NS_ASSERTIONS = NO;
				ENABLE_STRICT_OBJC_MSGSEND = YES;
				ENABLE_USER_SCRIPT_SANDBOXING = NO;
				GCC_C_LANGUAGE_STANDARD = gnu17;
				GCC_NO_COMMON_BLOCKS = YES;
				GCC_WARN_64_TO_32_BIT_CONVERSION = YES;
				GCC_WARN_ABOUT_RETURN_TYPE = YES_ERROR;
				GCC_WARN_UNDECLARED_SELECTOR = YES;
				GCC_WARN_UNINITIALIZED_AUTOS = YES_AGGRESSIVE;
				GCC_WARN_UNUSED_FUNCTION = YES;
				GCC_WARN_UNUSED_VARIABLE = YES;
				LOCALIZATION_PREFERS_STRING_CATALOGS = YES;
				MACOSX_DEPLOYMENT_TARGET = 13.0;
				MTL_ENABLE_DEBUG_INFO = NO;
				MTL_FAST_MATH = YES;
				SDKROOT = macosx;
				SWIFT_COMPILATION_MODE = wholemodule;
				SWIFT_OBJC_INTEROP_MODE = objcxx;
				VERSIONING_SYSTEM = "apple-generic";
			};
			name = Release;
		};
		21B3EA362B1D86E900C83876 /* Debug */ = {
			isa = XCBuildConfiguration;
			buildSettings = {
				ASSETCATALOG_COMPILER_APPICON_NAME = AppIcon;
				ASSETCATALOG_COMPILER_GLOBAL_ACCENT_COLOR_NAME = AccentColor;
				ASSETCATALOG_COMPILER_INCLUDE_ALL_APPICON_ASSETS = YES;
				CLANG_ENABLE_MODULES = YES;
				CODE_SIGN_ENTITLEMENTS = FTCSwitcher/FTCSwitcher.entitlements;
				CODE_SIGN_STYLE = Automatic;
				COMBINE_HIDPI_IMAGES = YES;
				CURRENT_PROJECT_VERSION = 3;
				DEAD_CODE_STRIPPING = YES;
				DEVELOPMENT_ASSET_PATHS = "\"FTCSwitcher/Preview Content\"";
				DEVELOPMENT_TEAM = B45WW8Z657;
				ENABLE_HARDENED_RUNTIME = YES;
				ENABLE_PREVIEWS = YES;
				GENERATE_INFOPLIST_FILE = YES;
				INFOPLIST_FILE = "FTC-Switcher-Info.plist";
				INFOPLIST_KEY_CFBundleDisplayName = "FTC Switcher";
				INFOPLIST_KEY_LSApplicationCategoryType = "public.app-category.utilities";
				INFOPLIST_KEY_NSHumanReadableCopyright = "";
				LD_RUNPATH_SEARCH_PATHS = (
					"$(inherited)",
					"@executable_path/../Frameworks",
				);
				MARKETING_VERSION = 1.0.1;
				PRODUCT_BUNDLE_IDENTIFIER = "com.aj-foster.FTCSwitcher";
				PRODUCT_NAME = "$(TARGET_NAME)";
				SWIFT_EMIT_LOC_STRINGS = YES;
				SWIFT_OBJC_BRIDGING_HEADER = BMDSwitcherAPI/BMDSwitcherAPI.h;
				SWIFT_OPTIMIZATION_LEVEL = "-Onone";
				SWIFT_VERSION = 5.0;
			};
			name = Debug;
		};
		21B3EA372B1D86E900C83876 /* Release */ = {
			isa = XCBuildConfiguration;
			buildSettings = {
				ASSETCATALOG_COMPILER_APPICON_NAME = AppIcon;
				ASSETCATALOG_COMPILER_GLOBAL_ACCENT_COLOR_NAME = AccentColor;
				ASSETCATALOG_COMPILER_INCLUDE_ALL_APPICON_ASSETS = YES;
				CLANG_ENABLE_MODULES = YES;
				CODE_SIGN_ENTITLEMENTS = FTCSwitcher/FTCSwitcher.entitlements;
				CODE_SIGN_STYLE = Automatic;
				COMBINE_HIDPI_IMAGES = YES;
				CURRENT_PROJECT_VERSION = 3;
				DEAD_CODE_STRIPPING = YES;
				DEVELOPMENT_ASSET_PATHS = "\"FTCSwitcher/Preview Content\"";
				DEVELOPMENT_TEAM = B45WW8Z657;
				ENABLE_HARDENED_RUNTIME = YES;
				ENABLE_PREVIEWS = YES;
				GENERATE_INFOPLIST_FILE = YES;
				INFOPLIST_FILE = "FTC-Switcher-Info.plist";
				INFOPLIST_KEY_CFBundleDisplayName = "FTC Switcher";
				INFOPLIST_KEY_LSApplicationCategoryType = "public.app-category.utilities";
				INFOPLIST_KEY_NSHumanReadableCopyright = "";
				LD_RUNPATH_SEARCH_PATHS = (
					"$(inherited)",
					"@executable_path/../Frameworks",
				);
				MARKETING_VERSION = 1.0.1;
				PRODUCT_BUNDLE_IDENTIFIER = "com.aj-foster.FTCSwitcher";
				PRODUCT_NAME = "$(TARGET_NAME)";
				SWIFT_EMIT_LOC_STRINGS = YES;
				SWIFT_OBJC_BRIDGING_HEADER = BMDSwitcherAPI/BMDSwitcherAPI.h;
				SWIFT_VERSION = 5.0;
			};
			name = Release;
		};
/* End XCBuildConfiguration section */

/* Begin XCConfigurationList section */
		21B3EA212B1D86E800C83876 /* Build configuration list for PBXProject "FTC Switcher" */ = {
			isa = XCConfigurationList;
			buildConfigurations = (
				21B3EA332B1D86E900C83876 /* Debug */,
				21B3EA342B1D86E900C83876 /* Release */,
			);
			defaultConfigurationIsVisible = 0;
			defaultConfigurationName = Release;
		};
		21B3EA352B1D86E900C83876 /* Build configuration list for PBXNativeTarget "FTC Switcher" */ = {
			isa = XCConfigurationList;
			buildConfigurations = (
				21B3EA362B1D86E900C83876 /* Debug */,
				21B3EA372B1D86E900C83876 /* Release */,
			);
			defaultConfigurationIsVisible = 0;
			defaultConfigurationName = Release;
		};
/* End XCConfigurationList section */

/* Begin XCRemoteSwiftPackageReference section */
		21D8B0F52B2C0B4600332A85 /* XCRemoteSwiftPackageReference "Starscream" */ = {
			isa = XCRemoteSwiftPackageReference;
			repositoryURL = "https://github.com/daltoniam/Starscream.git";
			requirement = {
				kind = upToNextMajorVersion;
				minimumVersion = 4.0.6;
			};
		};
		21D8B1072B3A6B2200332A85 /* XCRemoteSwiftPackageReference "Sparkle" */ = {
			isa = XCRemoteSwiftPackageReference;
			repositoryURL = "https://github.com/sparkle-project/Sparkle";
			requirement = {
				kind = upToNextMajorVersion;
				minimumVersion = 2.5.2;
			};
		};
/* End XCRemoteSwiftPackageReference section */

/* Begin XCSwiftPackageProductDependency section */
		21B69C1E2B3A6D1E00CD5F60 /* Sparkle */ = {
			isa = XCSwiftPackageProductDependency;
			package = 21D8B1072B3A6B2200332A85 /* XCRemoteSwiftPackageReference "Sparkle" */;
			productName = Sparkle;
		};
		21D8B0F62B2C0B4600332A85 /* Starscream */ = {
			isa = XCSwiftPackageProductDependency;
			package = 21D8B0F52B2C0B4600332A85 /* XCRemoteSwiftPackageReference "Starscream" */;
			productName = Starscream;
		};
/* End XCSwiftPackageProductDependency section */
	};
	rootObject = 21B3EA1E2B1D86E800C83876 /* Project object */;
}
