{
  "originHash" : "516df0738f4848fb86da493b6b2f074f9a02a414c5030cd4a3a76e9fcd51228c",
  "pins" : [
    {
      "identity" : "sparkle",
      "kind" : "remoteSourceControl",
      "location" : "https://github.com/sparkle-project/Sparkle",
      "state" : {
        "revision" : "47d3d90aee3c52b6f61d04ceae426e607df62347",
        "version" : "2.5.2"
      }
    },
    {
      "identity" : "starscream",
      "kind" : "remoteSourceControl",
      "location" : "https://github.com/daltoniam/Starscream.git",
      "state" : {
        "revision" : "ac6c0fc9da221873e01bd1a0d4818498a71eef33",
        "version" : "4.0.6"
      }
    }
  ],
  "version" : 3
}
